# Code generated by scarb DO NOT EDIT.
version = 1

[[package]]
name = "btcvault"
version = "2.0.0"
dependencies = [
 "garaga",
]

[[package]]
name = "corelib_imports"
version = "0.1.2"
source = "git+https://github.com/keep-starknet-strange/garaga.git?tag=v1.0.1#aa91b6504c86995789edb4e78f9f9ba20571625c"

[[package]]
name = "garaga"
version = "1.0.1"
source = "git+https://github.com/keep-starknet-strange/garaga.git?tag=v1.0.1#aa91b6504c86995789edb4e78f9f9ba20571625c"
dependencies = [
 "corelib_imports",
]
